id: lfm_source
label: LFM Source
category: '[dragon]/waveform'

templates:
  imports: import dragon
  make: dragon.lfm_source(${bandwidth}, ${sweep_time}, ${samp_rate}, ${prf}, ${tags})
  callbacks:
    - setBandwidth(${bandwidth})
    - setSweepTime(${sweep_time})
    - setSampRate(${samp_rate})
    - setPRF(${prf})

parameters:
  - id: bandwidth
    label: Bandwidth
    dtype: float
  - id: sweep_time
    label: Sweep Time
    dtype: float
  - id: samp_rate
    label: Sample Rate
    dtype: float
  - id: prf
    label: PRF
    dtype: float
  - id: tags
    label: Tags
    dtype: raw
    default: '[]'
    hide: ${'part'}

asserts:
  - ${ bandwidth > 0 }
  - ${ sweep_time > 0 }
  - ${ samp_rate > 0 }
  - ${ prf > 0 }

outputs:
  - label: out
    domain: stream
    dtype: complex
    vlen: ${int(samp_rate / prf)}
    optional: 0

file_format: 1
